
Microsoft Visual Studio Solution File, Format Version 12.00
# Visual Studio Version 17
VisualStudioVersion = 17.10.34916.146
MinimumVisualStudioVersion = 10.0.40219.1
Project("{FAE04EC0-301F-11D3-BF4B-00C04F79EFBC}") = "GymManagement.Api", "GymManagement.Api\GymManagement.Api.csproj", "{C776E1BF-60A2-48D8-81FA-2D917B312B04}"
EndProject
Project("{FAE04EC0-301F-11D3-BF4B-00C04F79EFBC}") = "GymManagement.Domain", "GymManagement.Domain\GymManagement.Domain.csproj", "{C179801A-1E2B-4614-BF00-7AC75CDFEB5E}"
EndProject
Project("{FAE04EC0-301F-11D3-BF4B-00C04F79EFBC}") = "GymManagement.Infrastructure", "GymManagement.Infrastructure\GymManagement.Infrastructure.csproj", "{B4CB51FA-D045-48D6-8645-529292AB38E8}"
EndProject
Project("{FAE04EC0-301F-11D3-BF4B-00C04F79EFBC}") = "GymManagement.Application", "GymManagement.Application\GymManagement.Application.csproj", "{64C7CEEF-AA0B-43E4-98A1-5E2F142EBFB9}"
EndProject
Project("{2150E333-8FDC-42A3-9474-1A3956D46DE8}") = "Api", "Api", "{0306DD54-0C5C-48A0-A607-EAFAB3C979D1}"
EndProject
Project("{2150E333-8FDC-42A3-9474-1A3956D46DE8}") = "Application", "Application", "{BC1867FE-AFBA-47A5-8BDD-2901F2DB2603}"
EndProject
Project("{2150E333-8FDC-42A3-9474-1A3956D46DE8}") = "Domain", "Domain", "{D0BA8801-B140-4A3E-B889-750D2215E397}"
EndProject
Project("{2150E333-8FDC-42A3-9474-1A3956D46DE8}") = "Infrastrucrure", "Infrastrucrure", "{73E7A535-997D-4235-934F-B8714D6E61D0}"
EndProject
Global
	GlobalSection(SolutionConfigurationPlatforms) = preSolution
		Debug|Any CPU = Debug|Any CPU
		Release|Any CPU = Release|Any CPU
	EndGlobalSection
	GlobalSection(ProjectConfigurationPlatforms) = postSolution
		{C776E1BF-60A2-48D8-81FA-2D917B312B04}.Debug|Any CPU.ActiveCfg = Debug|Any CPU
		{C776E1BF-60A2-48D8-81FA-2D917B312B04}.Debug|Any CPU.Build.0 = Debug|Any CPU
		{C776E1BF-60A2-48D8-81FA-2D917B312B04}.Release|Any CPU.ActiveCfg = Release|Any CPU
		{C776E1BF-60A2-48D8-81FA-2D917B312B04}.Release|Any CPU.Build.0 = Release|Any CPU
		{C179801A-1E2B-4614-BF00-7AC75CDFEB5E}.Debug|Any CPU.ActiveCfg = Debug|Any CPU
		{C179801A-1E2B-4614-BF00-7AC75CDFEB5E}.Debug|Any CPU.Build.0 = Debug|Any CPU
		{C179801A-1E2B-4614-BF00-7AC75CDFEB5E}.Release|Any CPU.ActiveCfg = Release|Any CPU
		{C179801A-1E2B-4614-BF00-7AC75CDFEB5E}.Release|Any CPU.Build.0 = Release|Any CPU
		{B4CB51FA-D045-48D6-8645-529292AB38E8}.Debug|Any CPU.ActiveCfg = Debug|Any CPU
		{B4CB51FA-D045-48D6-8645-529292AB38E8}.Debug|Any CPU.Build.0 = Debug|Any CPU
		{B4CB51FA-D045-48D6-8645-529292AB38E8}.Release|Any CPU.ActiveCfg = Release|Any CPU
		{B4CB51FA-D045-48D6-8645-529292AB38E8}.Release|Any CPU.Build.0 = Release|Any CPU
		{64C7CEEF-AA0B-43E4-98A1-5E2F142EBFB9}.Debug|Any CPU.ActiveCfg = Debug|Any CPU
		{64C7CEEF-AA0B-43E4-98A1-5E2F142EBFB9}.Debug|Any CPU.Build.0 = Debug|Any CPU
		{64C7CEEF-AA0B-43E4-98A1-5E2F142EBFB9}.Release|Any CPU.ActiveCfg = Release|Any CPU
		{64C7CEEF-AA0B-43E4-98A1-5E2F142EBFB9}.Release|Any CPU.Build.0 = Release|Any CPU
	EndGlobalSection
	GlobalSection(SolutionProperties) = preSolution
		HideSolutionNode = FALSE
	EndGlobalSection
	GlobalSection(NestedProjects) = preSolution
		{C776E1BF-60A2-48D8-81FA-2D917B312B04} = {0306DD54-0C5C-48A0-A607-EAFAB3C979D1}
		{C179801A-1E2B-4614-BF00-7AC75CDFEB5E} = {D0BA8801-B140-4A3E-B889-750D2215E397}
		{B4CB51FA-D045-48D6-8645-529292AB38E8} = {73E7A535-997D-4235-934F-B8714D6E61D0}
		{64C7CEEF-AA0B-43E4-98A1-5E2F142EBFB9} = {BC1867FE-AFBA-47A5-8BDD-2901F2DB2603}
	EndGlobalSection
	GlobalSection(ExtensibilityGlobals) = postSolution
		SolutionGuid = {249E485A-5335-4A0D-B2A6-524B82FF3BAD}
	EndGlobalSection
EndGlobal
